
Microsoft Visual Studio Solution File, Format Version 12.00
# Visual Studio 2013
VisualStudioVersion = 12.0.30501.0
MinimumVisualStudioVersion = 10.0.40219.1
Project("{FAE04EC0-301F-11D3-BF4B-00C04F79EFBC}") = "UrfStg.DataGatherer", "UrfStg.DataGatherer\UrfStg.DataGatherer.csproj", "{A968CC79-05FE-4E93-BBB5-43BC0CB76E7C}"
EndProject
Project("{FAE04EC0-301F-11D3-BF4B-00C04F79EFBC}") = "UrfStg.Model", "UrfStg.Model\UrfStg.Model.csproj", "{4BD3D077-1244-406E-A17C-17AB7ACB00FB}"
EndProject
Project("{FAE04EC0-301F-11D3-BF4B-00C04F79EFBC}") = "UrfStg.Web", "UrfStg.Web\UrfStg.Web.csproj", "{7B5CABB3-4F03-4B31-83CF-F326092DF417}"
EndProject
Project("{FAE04EC0-301F-11D3-BF4B-00C04F79EFBC}") = "UrfStg.Tests", "UrfStg.Tests\UrfStg.Tests.csproj", "{3C15BC64-BF8C-4295-A556-35CD839A6C7A}"
EndProject
Project("{E24C65DC-7377-472B-9ABA-BC803B73C61A}") = "www", "http://localhost:60412", "{831BEF38-9668-4D90-A2DD-B907DB9CA86B}"
	ProjectSection(WebsiteProperties) = preProject
		UseIISExpress = "true"
		TargetFrameworkMoniker = ".NETFramework,Version%3Dv4.5"
		Debug.AspNetCompiler.VirtualPath = "/localhost_60412"
		Debug.AspNetCompiler.PhysicalPath = "..\www\"
		Debug.AspNetCompiler.TargetPath = "PrecompiledWeb\localhost_60412\"
		Debug.AspNetCompiler.Updateable = "true"
		Debug.AspNetCompiler.ForceOverwrite = "true"
		Debug.AspNetCompiler.FixedNames = "false"
		Debug.AspNetCompiler.Debug = "True"
		Release.AspNetCompiler.VirtualPath = "/localhost_60412"
		Release.AspNetCompiler.PhysicalPath = "..\www\"
		Release.AspNetCompiler.TargetPath = "PrecompiledWeb\localhost_60412\"
		Release.AspNetCompiler.Updateable = "true"
		Release.AspNetCompiler.ForceOverwrite = "true"
		Release.AspNetCompiler.FixedNames = "false"
		Release.AspNetCompiler.Debug = "False"
		SlnRelativePath = "..\www\"
		DefaultWebSiteLanguage = "Visual C#"
	EndProjectSection
EndProject
Global
	GlobalSection(SolutionConfigurationPlatforms) = preSolution
		Debug|Any CPU = Debug|Any CPU
		Release|Any CPU = Release|Any CPU
	EndGlobalSection
	GlobalSection(ProjectConfigurationPlatforms) = postSolution
		{A968CC79-05FE-4E93-BBB5-43BC0CB76E7C}.Debug|Any CPU.ActiveCfg = Debug|Any CPU
		{A968CC79-05FE-4E93-BBB5-43BC0CB76E7C}.Debug|Any CPU.Build.0 = Debug|Any CPU
		{A968CC79-05FE-4E93-BBB5-43BC0CB76E7C}.Release|Any CPU.ActiveCfg = Release|Any CPU
		{4BD3D077-1244-406E-A17C-17AB7ACB00FB}.Debug|Any CPU.ActiveCfg = Debug|Any CPU
		{4BD3D077-1244-406E-A17C-17AB7ACB00FB}.Debug|Any CPU.Build.0 = Debug|Any CPU
		{4BD3D077-1244-406E-A17C-17AB7ACB00FB}.Release|Any CPU.ActiveCfg = Release|Any CPU
		{4BD3D077-1244-406E-A17C-17AB7ACB00FB}.Release|Any CPU.Build.0 = Release|Any CPU
		{7B5CABB3-4F03-4B31-83CF-F326092DF417}.Debug|Any CPU.ActiveCfg = Debug|Any CPU
		{7B5CABB3-4F03-4B31-83CF-F326092DF417}.Debug|Any CPU.Build.0 = Debug|Any CPU
		{7B5CABB3-4F03-4B31-83CF-F326092DF417}.Release|Any CPU.ActiveCfg = Release|Any CPU
		{7B5CABB3-4F03-4B31-83CF-F326092DF417}.Release|Any CPU.Build.0 = Release|Any CPU
		{3C15BC64-BF8C-4295-A556-35CD839A6C7A}.Debug|Any CPU.ActiveCfg = Debug|Any CPU
		{3C15BC64-BF8C-4295-A556-35CD839A6C7A}.Debug|Any CPU.Build.0 = Debug|Any CPU
		{3C15BC64-BF8C-4295-A556-35CD839A6C7A}.Release|Any CPU.ActiveCfg = Release|Any CPU
		{3C15BC64-BF8C-4295-A556-35CD839A6C7A}.Release|Any CPU.Build.0 = Release|Any CPU
		{831BEF38-9668-4D90-A2DD-B907DB9CA86B}.Debug|Any CPU.ActiveCfg = Debug|Any CPU
		{831BEF38-9668-4D90-A2DD-B907DB9CA86B}.Debug|Any CPU.Build.0 = Debug|Any CPU
		{831BEF38-9668-4D90-A2DD-B907DB9CA86B}.Release|Any CPU.ActiveCfg = Debug|Any CPU
		{831BEF38-9668-4D90-A2DD-B907DB9CA86B}.Release|Any CPU.Build.0 = Debug|Any CPU
	EndGlobalSection
	GlobalSection(SolutionProperties) = preSolution
		HideSolutionNode = FALSE
	EndGlobalSection
EndGlobal
